
Microsoft Visual Studio Solution File, Format Version 12.00
# Visual Studio 14
VisualStudioVersion = 14.0.25420.1
MinimumVisualStudioVersion = 10.0.40219.1
Project("{2150E333-8FDC-42A3-9474-1A3956D46DE8}") = "_", "_", "{6E4F0E80-14BD-425A-822B-772D462F8F19}"
	ProjectSection(SolutionItems) = preProject
		ReadMe.txt = ReadMe.txt
	EndProjectSection
EndProject
Project("{FAE04EC0-301F-11D3-BF4B-00C04F79EFBC}") = "Main", "Main\Main.csproj", "{766625B7-6D00-4718-88E7-760CE79D9C52}"
EndProject
Project("{FAE04EC0-301F-11D3-BF4B-00C04F79EFBC}") = "DokumentacijskiKomentari", "DokumentacijskiKomentari\DokumentacijskiKomentari.csproj", "{0FB2EF92-4056-452C-AB02-08A2007AE993}"
EndProject
Project("{FAE04EC0-301F-11D3-BF4B-00C04F79EFBC}") = "Identifikatori", "Identifikatori\Identifikatori.csproj", "{075546C9-D283-4329-BC94-3DEEA75C3D5A}"
EndProject
Project("{FAE04EC0-301F-11D3-BF4B-00C04F79EFBC}") = "UgradjeniTipoviIL", "UgradjeniTipoviIL\UgradjeniTipoviIL.csproj", "{D41001E4-323C-40E6-9CA6-44889A1AB2DA}"
EndProject
Project("{FAE04EC0-301F-11D3-BF4B-00C04F79EFBC}") = "UgrađeniTipoviInicijalizacija", "UgradjeniTipoviInicijalizacija\UgrađeniTipoviInicijalizacija.csproj", "{884864D0-52DF-49FA-8B80-2AE72B9A55C7}"
EndProject
Project("{FAE04EC0-301F-11D3-BF4B-00C04F79EFBC}") = "OperatorIs", "OperatorIs\OperatorIs.csproj", "{59231B48-2DD2-4C7A-A738-42A6FA7F1F55}"
EndProject
Project("{FAE04EC0-301F-11D3-BF4B-00C04F79EFBC}") = "OperatorAs", "OperatorAs\OperatorAs.csproj", "{B23A27F1-06BF-48B3-AD0C-1E8B10A83AB5}"
EndProject
Project("{FAE04EC0-301F-11D3-BF4B-00C04F79EFBC}") = "OperatorSizeof", "OperatorSizeof\OperatorSizeof.csproj", "{5C81DEC8-E5DC-4AA6-AFCD-6744C929AF4A}"
EndProject
Project("{FAE04EC0-301F-11D3-BF4B-00C04F79EFBC}") = "OperatorTypeof", "OperatorTypeof\OperatorTypeof.csproj", "{465C54BC-C0AC-46F3-8AB4-ACA490CB1BB8}"
EndProject
Project("{FAE04EC0-301F-11D3-BF4B-00C04F79EFBC}") = "Nulabilni", "Nulabilni\Nulabilni.csproj", "{AE6294BB-3F79-4800-8F27-E3DB1C6B414E}"
EndProject
Project("{FAE04EC0-301F-11D3-BF4B-00C04F79EFBC}") = "PridruzivanjeBazniIzvedeni", "PridruzivanjeBazniIzvedeni\PridruzivanjeBazniIzvedeni.csproj", "{B5716558-15BC-4A4D-B2B0-69A7CE9ED7FF}"
EndProject
Project("{FAE04EC0-301F-11D3-BF4B-00C04F79EFBC}") = "var", "var\var.csproj", "{9B6F736F-5517-40F4-A5C8-53EA042BB9FC}"
EndProject
Project("{FAE04EC0-301F-11D3-BF4B-00C04F79EFBC}") = "Imenici", "PromjenaImenika\Imenici.csproj", "{7E2C21A1-9DD8-42B0-A758-80C51FE0EB21}"
EndProject
Project("{FAE04EC0-301F-11D3-BF4B-00C04F79EFBC}") = "Pretvorba", "Pretvorba\Pretvorba.csproj", "{77CBE4BF-9965-4858-AF32-CB85D4F83212}"
EndProject
Project("{2150E333-8FDC-42A3-9474-1A3956D46DE8}") = "01", "01", "{F40D7BA6-FA1D-40D9-9DC5-FB64F182C12F}"
EndProject
Project("{2150E333-8FDC-42A3-9474-1A3956D46DE8}") = "02", "02", "{504F19A4-A9E9-45F1-9B6C-CFE6BAB370F8}"
EndProject
Project("{2150E333-8FDC-42A3-9474-1A3956D46DE8}") = "03", "03", "{06B0884A-0BEB-4FE7-8950-039A393C5BB9}"
EndProject
Project("{2150E333-8FDC-42A3-9474-1A3956D46DE8}") = "04", "04", "{B102E69B-43EF-4139-82D1-AA9C81EB47D3}"
EndProject
Project("{2150E333-8FDC-42A3-9474-1A3956D46DE8}") = "05", "05", "{E54C631F-22C1-4D93-B049-8DF7C818A446}"
EndProject
Project("{2150E333-8FDC-42A3-9474-1A3956D46DE8}") = "06", "06", "{B760B9B6-5975-4288-9403-B69770D8241A}"
EndProject
Project("{2150E333-8FDC-42A3-9474-1A3956D46DE8}") = "07", "07", "{82AFE0C8-3178-448E-B5D7-7B3635F5B28F}"
EndProject
Project("{2150E333-8FDC-42A3-9474-1A3956D46DE8}") = "08", "08", "{B862173F-90A6-4C35-B765-B9CBEE1CD50B}"
EndProject
Project("{2150E333-8FDC-42A3-9474-1A3956D46DE8}") = "09", "09", "{86AAC9A1-DC3B-4620-8797-982AB94C89D2}"
EndProject
Project("{2150E333-8FDC-42A3-9474-1A3956D46DE8}") = "10", "10", "{049D18B6-6E7E-4E97-B6D9-7485CE3721CB}"
EndProject
Project("{2150E333-8FDC-42A3-9474-1A3956D46DE8}") = "11", "11", "{FE1F442A-F3AC-4A8C-AC91-655BD2B05DF1}"
EndProject
Project("{2150E333-8FDC-42A3-9474-1A3956D46DE8}") = "12", "12", "{700D1201-1708-4834-8B13-AADC6C1D98E6}"
EndProject
Project("{2150E333-8FDC-42A3-9474-1A3956D46DE8}") = "13", "13", "{EB5DA9AF-9F8B-4446-BF17-AF812ECCECD8}"
EndProject
Project("{2150E333-8FDC-42A3-9474-1A3956D46DE8}") = "14", "14", "{916F562B-DEAE-4E64-84A9-B3FD7D614D25}"
EndProject
Project("{2150E333-8FDC-42A3-9474-1A3956D46DE8}") = "15", "15", "{0D41BADF-BB61-4648-B710-E9F76D989A69}"
EndProject
Project("{2150E333-8FDC-42A3-9474-1A3956D46DE8}") = "16", "16", "{A2CD3303-F424-4FBF-90B3-8EEF04C961D6}"
EndProject
Project("{FAE04EC0-301F-11D3-BF4B-00C04F79EFBC}") = "UgrađeniBrojčaniTipovi", "UgrađeniBrojčaniTipovi\UgrađeniBrojčaniTipovi.csproj", "{05FA82A8-E188-4E90-9A96-1E754B41D425}"
EndProject
Project("{2150E333-8FDC-42A3-9474-1A3956D46DE8}") = "17", "17", "{468F8D3B-B3A4-4009-BCAA-298FD89EABBB}"
EndProject
Project("{FAE04EC0-301F-11D3-BF4B-00C04F79EFBC}") = "NumeričkaPromocija", "NumeričkaPromocija\NumeričkaPromocija.csproj", "{DCF83421-563E-4F52-B0B4-47487EB8BD35}"
EndProject
Project("{FAE04EC0-301F-11D3-BF4B-00C04F79EFBC}") = "PostavkeImenika", "PostavkeImenika\PostavkeImenika.csproj", "{7375F5DD-EDB3-4BF6-821A-43E08397EFF4}"
EndProject
Global
	GlobalSection(SolutionConfigurationPlatforms) = preSolution
		Debug|Any CPU = Debug|Any CPU
		Debug|Mixed Platforms = Debug|Mixed Platforms
		Debug|x86 = Debug|x86
		Release|Any CPU = Release|Any CPU
		Release|Mixed Platforms = Release|Mixed Platforms
		Release|x86 = Release|x86
	EndGlobalSection
	GlobalSection(ProjectConfigurationPlatforms) = postSolution
		{766625B7-6D00-4718-88E7-760CE79D9C52}.Debug|Any CPU.ActiveCfg = Debug|Any CPU
		{766625B7-6D00-4718-88E7-760CE79D9C52}.Debug|Any CPU.Build.0 = Debug|Any CPU
		{766625B7-6D00-4718-88E7-760CE79D9C52}.Debug|Mixed Platforms.ActiveCfg = Debug|Any CPU
		{766625B7-6D00-4718-88E7-760CE79D9C52}.Debug|Mixed Platforms.Build.0 = Debug|Any CPU
		{766625B7-6D00-4718-88E7-760CE79D9C52}.Debug|x86.ActiveCfg = Debug|Any CPU
		{766625B7-6D00-4718-88E7-760CE79D9C52}.Release|Any CPU.ActiveCfg = Release|Any CPU
		{766625B7-6D00-4718-88E7-760CE79D9C52}.Release|Any CPU.Build.0 = Release|Any CPU
		{766625B7-6D00-4718-88E7-760CE79D9C52}.Release|Mixed Platforms.ActiveCfg = Release|Any CPU
		{766625B7-6D00-4718-88E7-760CE79D9C52}.Release|Mixed Platforms.Build.0 = Release|Any CPU
		{766625B7-6D00-4718-88E7-760CE79D9C52}.Release|x86.ActiveCfg = Release|Any CPU
		{0FB2EF92-4056-452C-AB02-08A2007AE993}.Debug|Any CPU.ActiveCfg = Debug|Any CPU
		{0FB2EF92-4056-452C-AB02-08A2007AE993}.Debug|Any CPU.Build.0 = Debug|Any CPU
		{0FB2EF92-4056-452C-AB02-08A2007AE993}.Debug|Mixed Platforms.ActiveCfg = Debug|Any CPU
		{0FB2EF92-4056-452C-AB02-08A2007AE993}.Debug|Mixed Platforms.Build.0 = Debug|Any CPU
		{0FB2EF92-4056-452C-AB02-08A2007AE993}.Debug|x86.ActiveCfg = Debug|Any CPU
		{0FB2EF92-4056-452C-AB02-08A2007AE993}.Release|Any CPU.ActiveCfg = Release|Any CPU
		{0FB2EF92-4056-452C-AB02-08A2007AE993}.Release|Any CPU.Build.0 = Release|Any CPU
		{0FB2EF92-4056-452C-AB02-08A2007AE993}.Release|Mixed Platforms.ActiveCfg = Release|Any CPU
		{0FB2EF92-4056-452C-AB02-08A2007AE993}.Release|Mixed Platforms.Build.0 = Release|Any CPU
		{0FB2EF92-4056-452C-AB02-08A2007AE993}.Release|x86.ActiveCfg = Release|Any CPU
		{075546C9-D283-4329-BC94-3DEEA75C3D5A}.Debug|Any CPU.ActiveCfg = Debug|Any CPU
		{075546C9-D283-4329-BC94-3DEEA75C3D5A}.Debug|Any CPU.Build.0 = Debug|Any CPU
		{075546C9-D283-4329-BC94-3DEEA75C3D5A}.Debug|Mixed Platforms.ActiveCfg = Debug|Any CPU
		{075546C9-D283-4329-BC94-3DEEA75C3D5A}.Debug|Mixed Platforms.Build.0 = Debug|Any CPU
		{075546C9-D283-4329-BC94-3DEEA75C3D5A}.Debug|x86.ActiveCfg = Debug|Any CPU
		{075546C9-D283-4329-BC94-3DEEA75C3D5A}.Release|Any CPU.ActiveCfg = Release|Any CPU
		{075546C9-D283-4329-BC94-3DEEA75C3D5A}.Release|Any CPU.Build.0 = Release|Any CPU
		{075546C9-D283-4329-BC94-3DEEA75C3D5A}.Release|Mixed Platforms.ActiveCfg = Release|Any CPU
		{075546C9-D283-4329-BC94-3DEEA75C3D5A}.Release|Mixed Platforms.Build.0 = Release|Any CPU
		{075546C9-D283-4329-BC94-3DEEA75C3D5A}.Release|x86.ActiveCfg = Release|Any CPU
		{D41001E4-323C-40E6-9CA6-44889A1AB2DA}.Debug|Any CPU.ActiveCfg = Debug|Any CPU
		{D41001E4-323C-40E6-9CA6-44889A1AB2DA}.Debug|Any CPU.Build.0 = Debug|Any CPU
		{D41001E4-323C-40E6-9CA6-44889A1AB2DA}.Debug|Mixed Platforms.ActiveCfg = Debug|Any CPU
		{D41001E4-323C-40E6-9CA6-44889A1AB2DA}.Debug|Mixed Platforms.Build.0 = Debug|Any CPU
		{D41001E4-323C-40E6-9CA6-44889A1AB2DA}.Debug|x86.ActiveCfg = Debug|Any CPU
		{D41001E4-323C-40E6-9CA6-44889A1AB2DA}.Release|Any CPU.ActiveCfg = Release|Any CPU
		{D41001E4-323C-40E6-9CA6-44889A1AB2DA}.Release|Any CPU.Build.0 = Release|Any CPU
		{D41001E4-323C-40E6-9CA6-44889A1AB2DA}.Release|Mixed Platforms.ActiveCfg = Release|Any CPU
		{D41001E4-323C-40E6-9CA6-44889A1AB2DA}.Release|Mixed Platforms.Build.0 = Release|Any CPU
		{D41001E4-323C-40E6-9CA6-44889A1AB2DA}.Release|x86.ActiveCfg = Release|Any CPU
		{884864D0-52DF-49FA-8B80-2AE72B9A55C7}.Debug|Any CPU.ActiveCfg = Debug|Any CPU
		{884864D0-52DF-49FA-8B80-2AE72B9A55C7}.Debug|Any CPU.Build.0 = Debug|Any CPU
		{884864D0-52DF-49FA-8B80-2AE72B9A55C7}.Debug|Mixed Platforms.ActiveCfg = Debug|Any CPU
		{884864D0-52DF-49FA-8B80-2AE72B9A55C7}.Debug|Mixed Platforms.Build.0 = Debug|Any CPU
		{884864D0-52DF-49FA-8B80-2AE72B9A55C7}.Debug|x86.ActiveCfg = Debug|Any CPU
		{884864D0-52DF-49FA-8B80-2AE72B9A55C7}.Release|Any CPU.ActiveCfg = Release|Any CPU
		{884864D0-52DF-49FA-8B80-2AE72B9A55C7}.Release|Any CPU.Build.0 = Release|Any CPU
		{884864D0-52DF-49FA-8B80-2AE72B9A55C7}.Release|Mixed Platforms.ActiveCfg = Release|Any CPU
		{884864D0-52DF-49FA-8B80-2AE72B9A55C7}.Release|Mixed Platforms.Build.0 = Release|Any CPU
		{884864D0-52DF-49FA-8B80-2AE72B9A55C7}.Release|x86.ActiveCfg = Release|Any CPU
		{59231B48-2DD2-4C7A-A738-42A6FA7F1F55}.Debug|Any CPU.ActiveCfg = Debug|Any CPU
		{59231B48-2DD2-4C7A-A738-42A6FA7F1F55}.Debug|Any CPU.Build.0 = Debug|Any CPU
		{59231B48-2DD2-4C7A-A738-42A6FA7F1F55}.Debug|Mixed Platforms.ActiveCfg = Debug|Any CPU
		{59231B48-2DD2-4C7A-A738-42A6FA7F1F55}.Debug|Mixed Platforms.Build.0 = Debug|Any CPU
		{59231B48-2DD2-4C7A-A738-42A6FA7F1F55}.Debug|x86.ActiveCfg = Debug|Any CPU
		{59231B48-2DD2-4C7A-A738-42A6FA7F1F55}.Release|Any CPU.ActiveCfg = Release|Any CPU
		{59231B48-2DD2-4C7A-A738-42A6FA7F1F55}.Release|Any CPU.Build.0 = Release|Any CPU
		{59231B48-2DD2-4C7A-A738-42A6FA7F1F55}.Release|Mixed Platforms.ActiveCfg = Release|Any CPU
		{59231B48-2DD2-4C7A-A738-42A6FA7F1F55}.Release|Mixed Platforms.Build.0 = Release|Any CPU
		{59231B48-2DD2-4C7A-A738-42A6FA7F1F55}.Release|x86.ActiveCfg = Release|Any CPU
		{B23A27F1-06BF-48B3-AD0C-1E8B10A83AB5}.Debug|Any CPU.ActiveCfg = Debug|Any CPU
		{B23A27F1-06BF-48B3-AD0C-1E8B10A83AB5}.Debug|Any CPU.Build.0 = Debug|Any CPU
		{B23A27F1-06BF-48B3-AD0C-1E8B10A83AB5}.Debug|Mixed Platforms.ActiveCfg = Debug|Any CPU
		{B23A27F1-06BF-48B3-AD0C-1E8B10A83AB5}.Debug|Mixed Platforms.Build.0 = Debug|Any CPU
		{B23A27F1-06BF-48B3-AD0C-1E8B10A83AB5}.Debug|x86.ActiveCfg = Debug|Any CPU
		{B23A27F1-06BF-48B3-AD0C-1E8B10A83AB5}.Release|Any CPU.ActiveCfg = Release|Any CPU
		{B23A27F1-06BF-48B3-AD0C-1E8B10A83AB5}.Release|Any CPU.Build.0 = Release|Any CPU
		{B23A27F1-06BF-48B3-AD0C-1E8B10A83AB5}.Release|Mixed Platforms.ActiveCfg = Release|Any CPU
		{B23A27F1-06BF-48B3-AD0C-1E8B10A83AB5}.Release|Mixed Platforms.Build.0 = Release|Any CPU
		{B23A27F1-06BF-48B3-AD0C-1E8B10A83AB5}.Release|x86.ActiveCfg = Release|Any CPU
		{5C81DEC8-E5DC-4AA6-AFCD-6744C929AF4A}.Debug|Any CPU.ActiveCfg = Debug|Any CPU
		{5C81DEC8-E5DC-4AA6-AFCD-6744C929AF4A}.Debug|Any CPU.Build.0 = Debug|Any CPU
		{5C81DEC8-E5DC-4AA6-AFCD-6744C929AF4A}.Debug|Mixed Platforms.ActiveCfg = Debug|Any CPU
		{5C81DEC8-E5DC-4AA6-AFCD-6744C929AF4A}.Debug|Mixed Platforms.Build.0 = Debug|Any CPU
		{5C81DEC8-E5DC-4AA6-AFCD-6744C929AF4A}.Debug|x86.ActiveCfg = Debug|Any CPU
		{5C81DEC8-E5DC-4AA6-AFCD-6744C929AF4A}.Release|Any CPU.ActiveCfg = Release|Any CPU
		{5C81DEC8-E5DC-4AA6-AFCD-6744C929AF4A}.Release|Any CPU.Build.0 = Release|Any CPU
		{5C81DEC8-E5DC-4AA6-AFCD-6744C929AF4A}.Release|Mixed Platforms.ActiveCfg = Release|Any CPU
		{5C81DEC8-E5DC-4AA6-AFCD-6744C929AF4A}.Release|Mixed Platforms.Build.0 = Release|Any CPU
		{5C81DEC8-E5DC-4AA6-AFCD-6744C929AF4A}.Release|x86.ActiveCfg = Release|Any CPU
		{465C54BC-C0AC-46F3-8AB4-ACA490CB1BB8}.Debug|Any CPU.ActiveCfg = Debug|Any CPU
		{465C54BC-C0AC-46F3-8AB4-ACA490CB1BB8}.Debug|Any CPU.Build.0 = Debug|Any CPU
		{465C54BC-C0AC-46F3-8AB4-ACA490CB1BB8}.Debug|Mixed Platforms.ActiveCfg = Debug|Any CPU
		{465C54BC-C0AC-46F3-8AB4-ACA490CB1BB8}.Debug|Mixed Platforms.Build.0 = Debug|Any CPU
		{465C54BC-C0AC-46F3-8AB4-ACA490CB1BB8}.Debug|x86.ActiveCfg = Debug|Any CPU
		{465C54BC-C0AC-46F3-8AB4-ACA490CB1BB8}.Release|Any CPU.ActiveCfg = Release|Any CPU
		{465C54BC-C0AC-46F3-8AB4-ACA490CB1BB8}.Release|Any CPU.Build.0 = Release|Any CPU
		{465C54BC-C0AC-46F3-8AB4-ACA490CB1BB8}.Release|Mixed Platforms.ActiveCfg = Release|Any CPU
		{465C54BC-C0AC-46F3-8AB4-ACA490CB1BB8}.Release|Mixed Platforms.Build.0 = Release|Any CPU
		{465C54BC-C0AC-46F3-8AB4-ACA490CB1BB8}.Release|x86.ActiveCfg = Release|Any CPU
		{AE6294BB-3F79-4800-8F27-E3DB1C6B414E}.Debug|Any CPU.ActiveCfg = Debug|Any CPU
		{AE6294BB-3F79-4800-8F27-E3DB1C6B414E}.Debug|Any CPU.Build.0 = Debug|Any CPU
		{AE6294BB-3F79-4800-8F27-E3DB1C6B414E}.Debug|Mixed Platforms.ActiveCfg = Debug|Any CPU
		{AE6294BB-3F79-4800-8F27-E3DB1C6B414E}.Debug|Mixed Platforms.Build.0 = Debug|Any CPU
		{AE6294BB-3F79-4800-8F27-E3DB1C6B414E}.Debug|x86.ActiveCfg = Debug|Any CPU
		{AE6294BB-3F79-4800-8F27-E3DB1C6B414E}.Release|Any CPU.ActiveCfg = Release|Any CPU
		{AE6294BB-3F79-4800-8F27-E3DB1C6B414E}.Release|Any CPU.Build.0 = Release|Any CPU
		{AE6294BB-3F79-4800-8F27-E3DB1C6B414E}.Release|Mixed Platforms.ActiveCfg = Release|Any CPU
		{AE6294BB-3F79-4800-8F27-E3DB1C6B414E}.Release|Mixed Platforms.Build.0 = Release|Any CPU
		{AE6294BB-3F79-4800-8F27-E3DB1C6B414E}.Release|x86.ActiveCfg = Release|Any CPU
		{B5716558-15BC-4A4D-B2B0-69A7CE9ED7FF}.Debug|Any CPU.ActiveCfg = Debug|x86
		{B5716558-15BC-4A4D-B2B0-69A7CE9ED7FF}.Debug|Mixed Platforms.ActiveCfg = Debug|x86
		{B5716558-15BC-4A4D-B2B0-69A7CE9ED7FF}.Debug|Mixed Platforms.Build.0 = Debug|x86
		{B5716558-15BC-4A4D-B2B0-69A7CE9ED7FF}.Debug|x86.ActiveCfg = Debug|x86
		{B5716558-15BC-4A4D-B2B0-69A7CE9ED7FF}.Debug|x86.Build.0 = Debug|x86
		{B5716558-15BC-4A4D-B2B0-69A7CE9ED7FF}.Release|Any CPU.ActiveCfg = Release|x86
		{B5716558-15BC-4A4D-B2B0-69A7CE9ED7FF}.Release|Mixed Platforms.ActiveCfg = Release|x86
		{B5716558-15BC-4A4D-B2B0-69A7CE9ED7FF}.Release|Mixed Platforms.Build.0 = Release|x86
		{B5716558-15BC-4A4D-B2B0-69A7CE9ED7FF}.Release|x86.ActiveCfg = Release|x86
		{B5716558-15BC-4A4D-B2B0-69A7CE9ED7FF}.Release|x86.Build.0 = Release|x86
		{9B6F736F-5517-40F4-A5C8-53EA042BB9FC}.Debug|Any CPU.ActiveCfg = Debug|x86
		{9B6F736F-5517-40F4-A5C8-53EA042BB9FC}.Debug|Mixed Platforms.ActiveCfg = Debug|x86
		{9B6F736F-5517-40F4-A5C8-53EA042BB9FC}.Debug|Mixed Platforms.Build.0 = Debug|x86
		{9B6F736F-5517-40F4-A5C8-53EA042BB9FC}.Debug|x86.ActiveCfg = Debug|x86
		{9B6F736F-5517-40F4-A5C8-53EA042BB9FC}.Debug|x86.Build.0 = Debug|x86
		{9B6F736F-5517-40F4-A5C8-53EA042BB9FC}.Release|Any CPU.ActiveCfg = Release|x86
		{9B6F736F-5517-40F4-A5C8-53EA042BB9FC}.Release|Mixed Platforms.ActiveCfg = Release|x86
		{9B6F736F-5517-40F4-A5C8-53EA042BB9FC}.Release|Mixed Platforms.Build.0 = Release|x86
		{9B6F736F-5517-40F4-A5C8-53EA042BB9FC}.Release|x86.ActiveCfg = Release|x86
		{9B6F736F-5517-40F4-A5C8-53EA042BB9FC}.Release|x86.Build.0 = Release|x86
		{7E2C21A1-9DD8-42B0-A758-80C51FE0EB21}.Debug|Any CPU.ActiveCfg = Debug|x86
		{7E2C21A1-9DD8-42B0-A758-80C51FE0EB21}.Debug|Mixed Platforms.ActiveCfg = Debug|x86
		{7E2C21A1-9DD8-42B0-A758-80C51FE0EB21}.Debug|Mixed Platforms.Build.0 = Debug|x86
		{7E2C21A1-9DD8-42B0-A758-80C51FE0EB21}.Debug|x86.ActiveCfg = Debug|x86
		{7E2C21A1-9DD8-42B0-A758-80C51FE0EB21}.Debug|x86.Build.0 = Debug|x86
		{7E2C21A1-9DD8-42B0-A758-80C51FE0EB21}.Release|Any CPU.ActiveCfg = Release|x86
		{7E2C21A1-9DD8-42B0-A758-80C51FE0EB21}.Release|Mixed Platforms.ActiveCfg = Release|x86
		{7E2C21A1-9DD8-42B0-A758-80C51FE0EB21}.Release|Mixed Platforms.Build.0 = Release|x86
		{7E2C21A1-9DD8-42B0-A758-80C51FE0EB21}.Release|x86.ActiveCfg = Release|x86
		{7E2C21A1-9DD8-42B0-A758-80C51FE0EB21}.Release|x86.Build.0 = Release|x86
		{77CBE4BF-9965-4858-AF32-CB85D4F83212}.Debug|Any CPU.ActiveCfg = Debug|x86
		{77CBE4BF-9965-4858-AF32-CB85D4F83212}.Debug|Mixed Platforms.ActiveCfg = Debug|x86
		{77CBE4BF-9965-4858-AF32-CB85D4F83212}.Debug|Mixed Platforms.Build.0 = Debug|x86
		{77CBE4BF-9965-4858-AF32-CB85D4F83212}.Debug|x86.ActiveCfg = Debug|x86
		{77CBE4BF-9965-4858-AF32-CB85D4F83212}.Debug|x86.Build.0 = Debug|x86
		{77CBE4BF-9965-4858-AF32-CB85D4F83212}.Release|Any CPU.ActiveCfg = Release|x86
		{77CBE4BF-9965-4858-AF32-CB85D4F83212}.Release|Mixed Platforms.ActiveCfg = Release|x86
		{77CBE4BF-9965-4858-AF32-CB85D4F83212}.Release|Mixed Platforms.Build.0 = Release|x86
		{77CBE4BF-9965-4858-AF32-CB85D4F83212}.Release|x86.ActiveCfg = Release|x86
		{77CBE4BF-9965-4858-AF32-CB85D4F83212}.Release|x86.Build.0 = Release|x86
		{05FA82A8-E188-4E90-9A96-1E754B41D425}.Debug|Any CPU.ActiveCfg = Debug|Any CPU
		{05FA82A8-E188-4E90-9A96-1E754B41D425}.Debug|Any CPU.Build.0 = Debug|Any CPU
		{05FA82A8-E188-4E90-9A96-1E754B41D425}.Debug|Mixed Platforms.ActiveCfg = Debug|Any CPU
		{05FA82A8-E188-4E90-9A96-1E754B41D425}.Debug|Mixed Platforms.Build.0 = Debug|Any CPU
		{05FA82A8-E188-4E90-9A96-1E754B41D425}.Debug|x86.ActiveCfg = Debug|Any CPU
		{05FA82A8-E188-4E90-9A96-1E754B41D425}.Debug|x86.Build.0 = Debug|Any CPU
		{05FA82A8-E188-4E90-9A96-1E754B41D425}.Release|Any CPU.ActiveCfg = Release|Any CPU
		{05FA82A8-E188-4E90-9A96-1E754B41D425}.Release|Any CPU.Build.0 = Release|Any CPU
		{05FA82A8-E188-4E90-9A96-1E754B41D425}.Release|Mixed Platforms.ActiveCfg = Release|Any CPU
		{05FA82A8-E188-4E90-9A96-1E754B41D425}.Release|Mixed Platforms.Build.0 = Release|Any CPU
		{05FA82A8-E188-4E90-9A96-1E754B41D425}.Release|x86.ActiveCfg = Release|Any CPU
		{05FA82A8-E188-4E90-9A96-1E754B41D425}.Release|x86.Build.0 = Release|Any CPU
		{DCF83421-563E-4F52-B0B4-47487EB8BD35}.Debug|Any CPU.ActiveCfg = Debug|Any CPU
		{DCF83421-563E-4F52-B0B4-47487EB8BD35}.Debug|Any CPU.Build.0 = Debug|Any CPU
		{DCF83421-563E-4F52-B0B4-47487EB8BD35}.Debug|Mixed Platforms.ActiveCfg = Debug|Any CPU
		{DCF83421-563E-4F52-B0B4-47487EB8BD35}.Debug|Mixed Platforms.Build.0 = Debug|Any CPU
		{DCF83421-563E-4F52-B0B4-47487EB8BD35}.Debug|x86.ActiveCfg = Debug|Any CPU
		{DCF83421-563E-4F52-B0B4-47487EB8BD35}.Debug|x86.Build.0 = Debug|Any CPU
		{DCF83421-563E-4F52-B0B4-47487EB8BD35}.Release|Any CPU.ActiveCfg = Release|Any CPU
		{DCF83421-563E-4F52-B0B4-47487EB8BD35}.Release|Any CPU.Build.0 = Release|Any CPU
		{DCF83421-563E-4F52-B0B4-47487EB8BD35}.Release|Mixed Platforms.ActiveCfg = Release|Any CPU
		{DCF83421-563E-4F52-B0B4-47487EB8BD35}.Release|Mixed Platforms.Build.0 = Release|Any CPU
		{DCF83421-563E-4F52-B0B4-47487EB8BD35}.Release|x86.ActiveCfg = Release|Any CPU
		{DCF83421-563E-4F52-B0B4-47487EB8BD35}.Release|x86.Build.0 = Release|Any CPU
		{7375F5DD-EDB3-4BF6-821A-43E08397EFF4}.Debug|Any CPU.ActiveCfg = Debug|Any CPU
		{7375F5DD-EDB3-4BF6-821A-43E08397EFF4}.Debug|Any CPU.Build.0 = Debug|Any CPU
		{7375F5DD-EDB3-4BF6-821A-43E08397EFF4}.Debug|Mixed Platforms.ActiveCfg = Debug|Any CPU
		{7375F5DD-EDB3-4BF6-821A-43E08397EFF4}.Debug|Mixed Platforms.Build.0 = Debug|Any CPU
		{7375F5DD-EDB3-4BF6-821A-43E08397EFF4}.Debug|x86.ActiveCfg = Debug|Any CPU
		{7375F5DD-EDB3-4BF6-821A-43E08397EFF4}.Debug|x86.Build.0 = Debug|Any CPU
		{7375F5DD-EDB3-4BF6-821A-43E08397EFF4}.Release|Any CPU.ActiveCfg = Release|Any CPU
		{7375F5DD-EDB3-4BF6-821A-43E08397EFF4}.Release|Any CPU.Build.0 = Release|Any CPU
		{7375F5DD-EDB3-4BF6-821A-43E08397EFF4}.Release|Mixed Platforms.ActiveCfg = Release|Any CPU
		{7375F5DD-EDB3-4BF6-821A-43E08397EFF4}.Release|Mixed Platforms.Build.0 = Release|Any CPU
		{7375F5DD-EDB3-4BF6-821A-43E08397EFF4}.Release|x86.ActiveCfg = Release|Any CPU
		{7375F5DD-EDB3-4BF6-821A-43E08397EFF4}.Release|x86.Build.0 = Release|Any CPU
	EndGlobalSection
	GlobalSection(SolutionProperties) = preSolution
		HideSolutionNode = FALSE
	EndGlobalSection
	GlobalSection(NestedProjects) = preSolution
		{766625B7-6D00-4718-88E7-760CE79D9C52} = {F40D7BA6-FA1D-40D9-9DC5-FB64F182C12F}
		{0FB2EF92-4056-452C-AB02-08A2007AE993} = {504F19A4-A9E9-45F1-9B6C-CFE6BAB370F8}
		{075546C9-D283-4329-BC94-3DEEA75C3D5A} = {E54C631F-22C1-4D93-B049-8DF7C818A446}
		{D41001E4-323C-40E6-9CA6-44889A1AB2DA} = {B760B9B6-5975-4288-9403-B69770D8241A}
		{884864D0-52DF-49FA-8B80-2AE72B9A55C7} = {82AFE0C8-3178-448E-B5D7-7B3635F5B28F}
		{59231B48-2DD2-4C7A-A738-42A6FA7F1F55} = {916F562B-DEAE-4E64-84A9-B3FD7D614D25}
		{B23A27F1-06BF-48B3-AD0C-1E8B10A83AB5} = {0D41BADF-BB61-4648-B710-E9F76D989A69}
		{5C81DEC8-E5DC-4AA6-AFCD-6744C929AF4A} = {A2CD3303-F424-4FBF-90B3-8EEF04C961D6}
		{465C54BC-C0AC-46F3-8AB4-ACA490CB1BB8} = {468F8D3B-B3A4-4009-BCAA-298FD89EABBB}
		{AE6294BB-3F79-4800-8F27-E3DB1C6B414E} = {049D18B6-6E7E-4E97-B6D9-7485CE3721CB}
		{B5716558-15BC-4A4D-B2B0-69A7CE9ED7FF} = {700D1201-1708-4834-8B13-AADC6C1D98E6}
		{9B6F736F-5517-40F4-A5C8-53EA042BB9FC} = {FE1F442A-F3AC-4A8C-AC91-655BD2B05DF1}
		{7E2C21A1-9DD8-42B0-A758-80C51FE0EB21} = {06B0884A-0BEB-4FE7-8950-039A393C5BB9}
		{77CBE4BF-9965-4858-AF32-CB85D4F83212} = {EB5DA9AF-9F8B-4446-BF17-AF812ECCECD8}
		{05FA82A8-E188-4E90-9A96-1E754B41D425} = {B862173F-90A6-4C35-B765-B9CBEE1CD50B}
		{DCF83421-563E-4F52-B0B4-47487EB8BD35} = {86AAC9A1-DC3B-4620-8797-982AB94C89D2}
		{7375F5DD-EDB3-4BF6-821A-43E08397EFF4} = {B102E69B-43EF-4139-82D1-AA9C81EB47D3}
	EndGlobalSection
EndGlobal
